
Microsoft Visual Studio Solution File, Format Version 12.00
# Visual Studio Version 16
VisualStudioVersion = 16.0.32228.343
MinimumVisualStudioVersion = 10.0.40219.1
Project("{9A19103F-16F7-4668-BE54-9A1E7A4F7556}") = "Movies.Api", "Movies.Api\Movies.Api.csproj", "{74A230C7-8672-43AB-B95D-B473DEB969B5}"
EndProject
Project("{9A19103F-16F7-4668-BE54-9A1E7A4F7556}") = "IdentityServer", "IdentityServer\IdentityServer.csproj", "{73AF4822-E4B0-48D7-9B0F-09F9B32E149E}"
EndProject
Project("{9A19103F-16F7-4668-BE54-9A1E7A4F7556}") = "Movies.Client", "Movies.Client\Movies.Client.csproj", "{0A834161-7141-4CF4-808D-897DBC22C2A7}"
EndProject
Project("{2150E333-8FDC-42A3-9474-1A3956D46DE8}") = "Solution Items", "Solution Items", "{FAD0C54D-90B3-4A98-856F-E3BC88498C0F}"
	ProjectSection(SolutionItems) = preProject
		Readme.txt = Readme.txt
	EndProjectSection
EndProject
Global
	GlobalSection(SolutionConfigurationPlatforms) = preSolution
		Debug|Any CPU = Debug|Any CPU
		Release|Any CPU = Release|Any CPU
	EndGlobalSection
	GlobalSection(ProjectConfigurationPlatforms) = postSolution
		{74A230C7-8672-43AB-B95D-B473DEB969B5}.Debug|Any CPU.ActiveCfg = Debug|Any CPU
		{74A230C7-8672-43AB-B95D-B473DEB969B5}.Debug|Any CPU.Build.0 = Debug|Any CPU
		{74A230C7-8672-43AB-B95D-B473DEB969B5}.Release|Any CPU.ActiveCfg = Release|Any CPU
		{74A230C7-8672-43AB-B95D-B473DEB969B5}.Release|Any CPU.Build.0 = Release|Any CPU
		{73AF4822-E4B0-48D7-9B0F-09F9B32E149E}.Debug|Any CPU.ActiveCfg = Debug|Any CPU
		{73AF4822-E4B0-48D7-9B0F-09F9B32E149E}.Debug|Any CPU.Build.0 = Debug|Any CPU
		{73AF4822-E4B0-48D7-9B0F-09F9B32E149E}.Release|Any CPU.ActiveCfg = Release|Any CPU
		{73AF4822-E4B0-48D7-9B0F-09F9B32E149E}.Release|Any CPU.Build.0 = Release|Any CPU
		{0A834161-7141-4CF4-808D-897DBC22C2A7}.Debug|Any CPU.ActiveCfg = Debug|Any CPU
		{0A834161-7141-4CF4-808D-897DBC22C2A7}.Debug|Any CPU.Build.0 = Debug|Any CPU
		{0A834161-7141-4CF4-808D-897DBC22C2A7}.Release|Any CPU.ActiveCfg = Release|Any CPU
		{0A834161-7141-4CF4-808D-897DBC22C2A7}.Release|Any CPU.Build.0 = Release|Any CPU
	EndGlobalSection
	GlobalSection(SolutionProperties) = preSolution
		HideSolutionNode = FALSE
	EndGlobalSection
	GlobalSection(ExtensibilityGlobals) = postSolution
		SolutionGuid = {C6F3281A-2A7D-4DBC-8078-57EF4B8AD6C9}
	EndGlobalSection
EndGlobal
